<?xml version="1.0" encoding="utf-8"?>
<Project ToolsVersion="4.0" xmlns="http://schemas.microsoft.com/developer/msbuild/2003">
  <ItemGroup>
    <Filter Include="Source Files">
      <UniqueIdentifier>{4FC737F1-C7A5-4376-A066-2A32D752A2FF}</UniqueIdentifier>
      <Extensions>cpp;c;cc;cxx;def;odl;idl;hpj;bat;asm;asmx</Extensions>
    </Filter>
    <Filter Include="Header Files">
      <UniqueIdentifier>{93995380-89BD-4b04-88EB-625FBE52EBFB}</UniqueIdentifier>
      <Extensions>h;hpp;hxx;hm;inl;inc;xsd</Extensions>
    </Filter>
    <Filter Include="Resource Files">
      <UniqueIdentifier>{67DA6AB6-F800-4c08-8B7A-83BB121AAD01}</UniqueIdentifier>
      <Extensions>rc;ico;cur;bmp;dlg;rc2;rct;bin;rgs;gif;jpg;jpeg;jpe;resx;tiff;tif;png;wav;mfcribbon-ms</Extensions>
    </Filter>
    <Filter Include="Socket">
      <UniqueIdentifier>{e660b014-3ae1-4ab1-ab39-9e02cf1a5724}</UniqueIdentifier>
    </Filter>
    <Filter Include="Thread">
      <UniqueIdentifier>{1b90cb56-17d4-4a5b-b61a-8a99647f4098}</UniqueIdentifier>
    </Filter>
    <Filter Include="Library">
      <UniqueIdentifier>{362313ae-c351-4809-ae44-b9ab5db4656b}</UniqueIdentifier>
    </Filter>
  </ItemGroup>
  <ItemGroup>
    <ClInclude Include="AObject.h">
      <Filter>Header Files</Filter>
    </ClInclude>
    <ClInclude Include="ManageRoom.h">
      <Filter>Header Files</Filter>
    </ClInclude>
    <ClInclude Include="rfc.h">
      <Filter>Header Files</Filter>
    </ClInclude>
    <ClInclude Include="Room.h">
      <Filter>Header Files</Filter>
    </ClInclude>
    <ClInclude Include="UnixSocket.h">
      <Filter>Socket</Filter>
    </ClInclude>
    <ClInclude Include="ISocket.h">
      <Filter>Socket</Filter>
    </ClInclude>
    <ClInclude Include="WinSocket.h">
      <Filter>Socket</Filter>
    </ClInclude>
    <ClInclude Include="..\..\Thread\IThread.h">
      <Filter>Thread</Filter>
    </ClInclude>
    <ClInclude Include="..\..\Thread\UnixThread.h">
      <Filter>Thread</Filter>
    </ClInclude>
    <ClInclude Include="..\..\Thread\WinThread.h">
      <Filter>Thread</Filter>
    </ClInclude>
    <ClInclude Include="Client.h">
      <Filter>Header Files</Filter>
    </ClInclude>
    <ClInclude Include="BigBoss.h">
      <Filter>Library</Filter>
    </ClInclude>
    <ClInclude Include="Enemy.h">
      <Filter>Library</Filter>
    </ClInclude>
    <ClInclude Include="Player.h">
      <Filter>Library</Filter>
    </ClInclude>
  </ItemGroup>
  <ItemGroup>
    <ClCompile Include="main.cpp">
      <Filter>Source Files</Filter>
    </ClCompile>
    <ClCompile Include="Client.cpp">
      <Filter>Source Files</Filter>
    </ClCompile>
    <ClCompile Include="AObject.cpp">
      <Filter>Source Files</Filter>
    </ClCompile>
    <ClCompile Include="ManageRoom.cpp">
      <Filter>Source Files</Filter>
    </ClCompile>
    <ClCompile Include="Room.cpp">
      <Filter>Source Files</Filter>
    </ClCompile>
    <ClCompile Include="WinSocket.cpp">
      <Filter>Socket</Filter>
    </ClCompile>
    <ClCompile Include="UnixSocket.cpp">
      <Filter>Socket</Filter>
    </ClCompile>
    <ClCompile Include="..\..\Thread\UnixThread.cpp">
      <Filter>Thread</Filter>
    </ClCompile>
    <ClCompile Include="..\..\Thread\WinThread.cpp">
      <Filter>Thread</Filter>
    </ClCompile>
    <ClCompile Include="Enemy.cpp">
      <Filter>Library</Filter>
    </ClCompile>
    <ClCompile Include="BigBoss.cpp">
      <Filter>Library</Filter>
    </ClCompile>
    <ClCompile Include="Player.cpp">
      <Filter>Library</Filter>
    </ClCompile>
  </ItemGroup>
</Project>