<?xml version="1.0" encoding="utf-8"?>
<Project ToolsVersion="4.0" xmlns="http://schemas.microsoft.com/developer/msbuild/2003">
  <ItemGroup>
    <Filter Include="Source Files">
      <UniqueIdentifier>{4FC737F1-C7A5-4376-A066-2A32D752A2FF}</UniqueIdentifier>
      <Extensions>cpp;c;cc;cxx;def;odl;idl;hpj;bat;asm;asmx</Extensions>
    </Filter>
    <Filter Include="Header Files">
      <UniqueIdentifier>{93995380-89BD-4b04-88EB-625FBE52EBFB}</UniqueIdentifier>
      <Extensions>h;hpp;hxx;hm;inl;inc;xsd</Extensions>
    </Filter>
    <Filter Include="Resource Files">
      <UniqueIdentifier>{67DA6AB6-F800-4c08-8B7A-83BB121AAD01}</UniqueIdentifier>
      <Extensions>rc;ico;cur;bmp;dlg;rc2;rct;bin;rgs;gif;jpg;jpeg;jpe;resx;tiff;tif;png;wav;mfcribbon-ms</Extensions>
    </Filter>
  </ItemGroup>
  <ItemGroup>
    <ClCompile Include="main.cpp">
      <Filter>Source Files</Filter>
    </ClCompile>
    <ClCompile Include="ConnexionState.cpp">
      <Filter>Source Files</Filter>
    </ClCompile>
    <ClCompile Include="WinSocket.cpp">
      <Filter>Source Files</Filter>
    </ClCompile>
  </ItemGroup>
  <ItemGroup>
    <ClInclude Include="ConnexionState.h">
      <Filter>Header Files</Filter>
    </ClInclude>
    <ClInclude Include="resource.h">
      <Filter>Header Files</Filter>
    </ClInclude>
    <ClInclude Include="ISocket.h">
      <Filter>Header Files</Filter>
    </ClInclude>
    <ClInclude Include="WinSocket.h">
      <Filter>Header Files</Filter>
    </ClInclude>
    <ClInclude Include="rfc.h">
      <Filter>Header Files</Filter>
    </ClInclude>
  </ItemGroup>
  <ItemGroup>
    <None Include="..\Release\ressources\PresentationConnexion\BackgroundConnexion1.jpg">
      <Filter>Resource Files</Filter>
    </None>
    <None Include="..\Release\ressources\PresentationConnexion\BackgroundConnexion2.jpg">
      <Filter>Resource Files</Filter>
    </None>
    <None Include="..\Release\ressources\PresentationConnexion\BackgroundConnexion3.jpg">
      <Filter>Resource Files</Filter>
    </None>
    <None Include="..\Release\ressources\PresentationConnexion\BackgroundConnexion4.jpg">
      <Filter>Resource Files</Filter>
    </None>
    <None Include="..\Release\ressources\PresentationConnexion\BackgroundConnexion5.jpg">
      <Filter>Resource Files</Filter>
    </None>
    <None Include="..\Release\ressources\PresentationConnexion\BackgroundConnexion6.jpg">
      <Filter>Resource Files</Filter>
    </None>
    <None Include="..\Release\ressources\PresentationConnexion\BackgroundConnexion7.jpg">
      <Filter>Resource Files</Filter>
    </None>
    <None Include="..\Release\ressources\PresentationConnexion\BackgroundConnexion8.jpg">
      <Filter>Resource Files</Filter>
    </None>
    <None Include="..\Release\ressources\PresentationConnexion\BackgroundConnexion9.jpg">
      <Filter>Resource Files</Filter>
    </None>
    <None Include="..\Release\ressources\PresentationConnexion\BackgroundConnexion10.jpg">
      <Filter>Resource Files</Filter>
    </None>
    <None Include="..\Release\ressources\PresentationConnexion\BackgroundConnexion11.jpg">
      <Filter>Resource Files</Filter>
    </None>
    <None Include="..\Release\ressources\PresentationConnexion\BackgroundConnexion12.jpg">
      <Filter>Resource Files</Filter>
    </None>
    <None Include="..\Release\ressources\PresentationConnexion\BackgroundConnexion13.jpg">
      <Filter>Resource Files</Filter>
    </None>
    <None Include="..\Release\ressources\PresentationConnexion\BackgroundConnexion14.jpg">
      <Filter>Resource Files</Filter>
    </None>
    <None Include="..\Release\ressources\PresentationConnexion\BackgroundConnexion15.jpg">
      <Filter>Resource Files</Filter>
    </None>
    <None Include="..\Release\ressources\PresentationConnexion\BackgroundConnexion16.jpg">
      <Filter>Resource Files</Filter>
    </None>
    <None Include="..\Release\ressources\PresentationConnexion\BackgroundConnexion17.jpg">
      <Filter>Resource Files</Filter>
    </None>
    <None Include="..\Release\ressources\PresentationConnexion\BackgroundConnexion18.jpg">
      <Filter>Resource Files</Filter>
    </None>
    <None Include="..\Release\ressources\PresentationConnexion\BackgroundConnexion19.jpg">
      <Filter>Resource Files</Filter>
    </None>
    <None Include="..\Release\ressources\PresentationConnexion\BackgroundConnexion20.jpg">
      <Filter>Resource Files</Filter>
    </None>
    <None Include="..\Release\ressources\PresentationConnexion\BackgroundConnexion21.jpg">
      <Filter>Resource Files</Filter>
    </None>
    <None Include="..\Release\ressources\PresentationConnexion\BackgroundConnexion22.jpg">
      <Filter>Resource Files</Filter>
    </None>
    <None Include="..\Release\ressources\PresentationConnexion\BackgroundConnexion23.jpg">
      <Filter>Resource Files</Filter>
    </None>
    <None Include="..\Release\ressources\PresentationConnexion\BackgroundConnexion24.jpg">
      <Filter>Resource Files</Filter>
    </None>
    <None Include="..\Release\ressources\PresentationConnexion\TextBoxAddr.jpg">
      <Filter>Resource Files</Filter>
    </None>
    <None Include="..\Release\ressources\PresentationConnexion\TextBoxAddrClicked.jpg">
      <Filter>Resource Files</Filter>
    </None>
    <None Include="..\Release\ressources\PresentationConnexion\TextBoxName.jpg">
      <Filter>Resource Files</Filter>
    </None>
    <None Include="..\Release\ressources\PresentationConnexion\TextBoxNameClicked.jpg">
      <Filter>Resource Files</Filter>
    </None>
    <None Include="..\Release\ressources\PresentationConnexion\TextBoxPort.jpg">
      <Filter>Resource Files</Filter>
    </None>
    <None Include="..\Release\ressources\PresentationConnexion\bitlow.ttf">
      <Filter>Resource Files</Filter>
    </None>
    <None Include="..\Release\ressources\PresentationConnexion\ConnexionSong.wav">
      <Filter>Resource Files</Filter>
    </None>
  </ItemGroup>
</Project>