
Microsoft Visual Studio Solution File, Format Version 11.00
# Visual Studio 2010
Project("{F088123C-0E9E-452A-89E6-6BA2F21D5CAC}") = "R-type Client UML", "R-type UML\R-type Client UML.modelproj", "{BE1C1A79-BF7E-48C1-A955-C88FA2D247F3}"
EndProject
Project("{F088123C-0E9E-452A-89E6-6BA2F21D5CAC}") = "R-type Server", "R-type Server\R-type Server.modelproj", "{FE009B24-F43F-4415-86B5-2B78DACC9372}"
EndProject
Global
	GlobalSection(SolutionConfigurationPlatforms) = preSolution
		Debug|Any CPU = Debug|Any CPU
		Debug|Mixed Platforms = Debug|Mixed Platforms
		Debug|Win32 = Debug|Win32
		Release|Any CPU = Release|Any CPU
		Release|Mixed Platforms = Release|Mixed Platforms
		Release|Win32 = Release|Win32
	EndGlobalSection
	GlobalSection(ProjectConfigurationPlatforms) = postSolution
		{BE1C1A79-BF7E-48C1-A955-C88FA2D247F3}.Debug|Any CPU.ActiveCfg = Debug|Any CPU
		{BE1C1A79-BF7E-48C1-A955-C88FA2D247F3}.Debug|Any CPU.Build.0 = Debug|Any CPU
		{BE1C1A79-BF7E-48C1-A955-C88FA2D247F3}.Debug|Mixed Platforms.ActiveCfg = Debug|Any CPU
		{BE1C1A79-BF7E-48C1-A955-C88FA2D247F3}.Debug|Mixed Platforms.Build.0 = Debug|Any CPU
		{BE1C1A79-BF7E-48C1-A955-C88FA2D247F3}.Debug|Win32.ActiveCfg = Debug|Any CPU
		{BE1C1A79-BF7E-48C1-A955-C88FA2D247F3}.Release|Any CPU.ActiveCfg = Release|Any CPU
		{BE1C1A79-BF7E-48C1-A955-C88FA2D247F3}.Release|Any CPU.Build.0 = Release|Any CPU
		{BE1C1A79-BF7E-48C1-A955-C88FA2D247F3}.Release|Mixed Platforms.ActiveCfg = Release|Any CPU
		{BE1C1A79-BF7E-48C1-A955-C88FA2D247F3}.Release|Mixed Platforms.Build.0 = Release|Any CPU
		{BE1C1A79-BF7E-48C1-A955-C88FA2D247F3}.Release|Win32.ActiveCfg = Release|Any CPU
		{FE009B24-F43F-4415-86B5-2B78DACC9372}.Debug|Any CPU.ActiveCfg = Debug|Any CPU
		{FE009B24-F43F-4415-86B5-2B78DACC9372}.Debug|Any CPU.Build.0 = Debug|Any CPU
		{FE009B24-F43F-4415-86B5-2B78DACC9372}.Debug|Mixed Platforms.ActiveCfg = Debug|Any CPU
		{FE009B24-F43F-4415-86B5-2B78DACC9372}.Debug|Mixed Platforms.Build.0 = Debug|Any CPU
		{FE009B24-F43F-4415-86B5-2B78DACC9372}.Debug|Win32.ActiveCfg = Debug|Any CPU
		{FE009B24-F43F-4415-86B5-2B78DACC9372}.Release|Any CPU.ActiveCfg = Release|Any CPU
		{FE009B24-F43F-4415-86B5-2B78DACC9372}.Release|Any CPU.Build.0 = Release|Any CPU
		{FE009B24-F43F-4415-86B5-2B78DACC9372}.Release|Mixed Platforms.ActiveCfg = Release|Any CPU
		{FE009B24-F43F-4415-86B5-2B78DACC9372}.Release|Mixed Platforms.Build.0 = Release|Any CPU
		{FE009B24-F43F-4415-86B5-2B78DACC9372}.Release|Win32.ActiveCfg = Release|Any CPU
	EndGlobalSection
	GlobalSection(SolutionProperties) = preSolution
		HideSolutionNode = FALSE
	EndGlobalSection
EndGlobal
